
Microsoft Visual Studio Solution File, Format Version 12.00
# Visual Studio Version 17
VisualStudioVersion = 17.11.35208.52
MinimumVisualStudioVersion = 10.0.40219.1
Project("{FAE04EC0-301F-11D3-BF4B-00C04F79EFBC}") = "Proyecto-pata.Server", "Proyecto-pata.Server\Proyecto-pata.Server.csproj", "{3EC60B81-C45E-4677-B391-B31966A0C97D}"
EndProject
Project("{54A90642-561A-4BB1-A94E-469ADEE60C69}") = "proyecto-pata.client", "proyecto-pata.client\proyecto-pata.client.esproj", "{5D185CB0-A75C-4F0D-B3D4-6BB7FAD7AFC3}"
EndProject
Global
	GlobalSection(SolutionConfigurationPlatforms) = preSolution
		Debug|Any CPU = Debug|Any CPU
		Release|Any CPU = Release|Any CPU
	EndGlobalSection
	GlobalSection(ProjectConfigurationPlatforms) = postSolution
		{3EC60B81-C45E-4677-B391-B31966A0C97D}.Debug|Any CPU.ActiveCfg = Debug|Any CPU
		{3EC60B81-C45E-4677-B391-B31966A0C97D}.Debug|Any CPU.Build.0 = Debug|Any CPU
		{3EC60B81-C45E-4677-B391-B31966A0C97D}.Release|Any CPU.ActiveCfg = Release|Any CPU
		{3EC60B81-C45E-4677-B391-B31966A0C97D}.Release|Any CPU.Build.0 = Release|Any CPU
		{5D185CB0-A75C-4F0D-B3D4-6BB7FAD7AFC3}.Debug|Any CPU.ActiveCfg = Debug|Any CPU
		{5D185CB0-A75C-4F0D-B3D4-6BB7FAD7AFC3}.Debug|Any CPU.Build.0 = Debug|Any CPU
		{5D185CB0-A75C-4F0D-B3D4-6BB7FAD7AFC3}.Debug|Any CPU.Deploy.0 = Debug|Any CPU
		{5D185CB0-A75C-4F0D-B3D4-6BB7FAD7AFC3}.Release|Any CPU.ActiveCfg = Release|Any CPU
		{5D185CB0-A75C-4F0D-B3D4-6BB7FAD7AFC3}.Release|Any CPU.Build.0 = Release|Any CPU
		{5D185CB0-A75C-4F0D-B3D4-6BB7FAD7AFC3}.Release|Any CPU.Deploy.0 = Release|Any CPU
	EndGlobalSection
	GlobalSection(SolutionProperties) = preSolution
		HideSolutionNode = FALSE
	EndGlobalSection
	GlobalSection(ExtensibilityGlobals) = postSolution
		SolutionGuid = {47C565FD-A274-40F4-8E31-7EEC48C3D7FB}
	EndGlobalSection
EndGlobal
